
Microsoft Visual Studio Solution File, Format Version 12.00
# Visual Studio Version 17
VisualStudioVersion = 17.8.34525.116
MinimumVisualStudioVersion = 10.0.40219.1
Project("{FAE04EC0-301F-11D3-BF4B-00C04F79EFBC}") = "Playground", "Playground\Playground.csproj", "{407B0331-34B1-4AEA-AE51-F098334FDC0C}"
EndProject
Project("{2150E333-8FDC-42A3-9474-1A3956D46DE8}") = "Элементы решения", "Элементы решения", "{E56D734F-9005-4799-A644-6B7C957FECE3}"
	ProjectSection(SolutionItems) = preProject
		Dice.cs = Dice.cs
	EndProjectSection
EndProject
Global
	GlobalSection(SolutionConfigurationPlatforms) = preSolution
		Debug|Any CPU = Debug|Any CPU
		Release|Any CPU = Release|Any CPU
	EndGlobalSection
	GlobalSection(ProjectConfigurationPlatforms) = postSolution
		{407B0331-34B1-4AEA-AE51-F098334FDC0C}.Debug|Any CPU.ActiveCfg = Debug|Any CPU
		{407B0331-34B1-4AEA-AE51-F098334FDC0C}.Debug|Any CPU.Build.0 = Debug|Any CPU
		{407B0331-34B1-4AEA-AE51-F098334FDC0C}.Release|Any CPU.ActiveCfg = Release|Any CPU
		{407B0331-34B1-4AEA-AE51-F098334FDC0C}.Release|Any CPU.Build.0 = Release|Any CPU
	EndGlobalSection
	GlobalSection(SolutionProperties) = preSolution
		HideSolutionNode = FALSE
	EndGlobalSection
	GlobalSection(ExtensibilityGlobals) = postSolution
		SolutionGuid = {3BE63A45-01E3-4A7E-BB02-49CA7F2946D6}
	EndGlobalSection
EndGlobal
